
Microsoft Visual Studio Solution File, Format Version 12.00
# Visual Studio 15
VisualStudioVersion = 15.0.28010.2003
MinimumVisualStudioVersion = 10.0.40219.1
Project("{FAE04EC0-301F-11D3-BF4B-00C04F79EFBC}") = "myqueuemessages", "myqueuemessages\myqueuemessages.csproj", "{EDB7A3E9-0FE6-4412-AB32-1CA06F96C984}"
EndProject
Global
	GlobalSection(SolutionConfigurationPlatforms) = preSolution
		Debug|Any CPU = Debug|Any CPU
		Release|Any CPU = Release|Any CPU
	EndGlobalSection
	GlobalSection(ProjectConfigurationPlatforms) = postSolution
		{EDB7A3E9-0FE6-4412-AB32-1CA06F96C984}.Debug|Any CPU.ActiveCfg = Debug|Any CPU
		{EDB7A3E9-0FE6-4412-AB32-1CA06F96C984}.Debug|Any CPU.Build.0 = Debug|Any CPU
		{EDB7A3E9-0FE6-4412-AB32-1CA06F96C984}.Release|Any CPU.ActiveCfg = Release|Any CPU
		{EDB7A3E9-0FE6-4412-AB32-1CA06F96C984}.Release|Any CPU.Build.0 = Release|Any CPU
	EndGlobalSection
	GlobalSection(SolutionProperties) = preSolution
		HideSolutionNode = FALSE
	EndGlobalSection
	GlobalSection(ExtensibilityGlobals) = postSolution
		SolutionGuid = {140A2B2E-8EE2-4377-A431-DCC7176E5BB0}
	EndGlobalSection
EndGlobal
