
Microsoft Visual Studio Solution File, Format Version 12.00
# Visual Studio 15
VisualStudioVersion = 15.0.28010.2003
MinimumVisualStudioVersion = 10.0.40219.1
Project("{FAE04EC0-301F-11D3-BF4B-00C04F79EFBC}") = "ExcelImport.Client", "ExcelImport.Client\ExcelImport.Client.csproj", "{7E3B69B9-866D-4748-B1A5-CA00EDDC709F}"
EndProject
Project("{FAE04EC0-301F-11D3-BF4B-00C04F79EFBC}") = "ExcelImport.DurableFunctions", "ExcelImport.DurableFunctions\ExcelImport.DurableFunctions.csproj", "{781A6153-BF6C-4E92-BAB2-D89FE4529499}"
EndProject
Global
	GlobalSection(SolutionConfigurationPlatforms) = preSolution
		Debug|Any CPU = Debug|Any CPU
		Release|Any CPU = Release|Any CPU
	EndGlobalSection
	GlobalSection(ProjectConfigurationPlatforms) = postSolution
		{7E3B69B9-866D-4748-B1A5-CA00EDDC709F}.Debug|Any CPU.ActiveCfg = Debug|Any CPU
		{7E3B69B9-866D-4748-B1A5-CA00EDDC709F}.Debug|Any CPU.Build.0 = Debug|Any CPU
		{7E3B69B9-866D-4748-B1A5-CA00EDDC709F}.Release|Any CPU.ActiveCfg = Release|Any CPU
		{7E3B69B9-866D-4748-B1A5-CA00EDDC709F}.Release|Any CPU.Build.0 = Release|Any CPU
		{781A6153-BF6C-4E92-BAB2-D89FE4529499}.Debug|Any CPU.ActiveCfg = Debug|Any CPU
		{781A6153-BF6C-4E92-BAB2-D89FE4529499}.Debug|Any CPU.Build.0 = Debug|Any CPU
		{781A6153-BF6C-4E92-BAB2-D89FE4529499}.Release|Any CPU.ActiveCfg = Release|Any CPU
		{781A6153-BF6C-4E92-BAB2-D89FE4529499}.Release|Any CPU.Build.0 = Release|Any CPU
	EndGlobalSection
	GlobalSection(SolutionProperties) = preSolution
		HideSolutionNode = FALSE
	EndGlobalSection
	GlobalSection(ExtensibilityGlobals) = postSolution
		SolutionGuid = {F94D23C4-8ECC-431F-93A1-12FA827DF394}
	EndGlobalSection
EndGlobal
