
Microsoft Visual Studio Solution File, Format Version 12.00
# Visual Studio 15
VisualStudioVersion = 15.0.28010.2003
MinimumVisualStudioVersion = 10.0.40219.1
Project("{9A19103F-16F7-4668-BE54-9A1E7A4F7556}") = "WebApplication1", "WebApplication1\WebApplication1.csproj", "{9EB982C0-9842-4ADD-87AE-EF2A58523190}"
EndProject
Project("{151D2E53-A2C4-4D7D-83FE-D05416EBD58E}") = "ARM", "ARM\ARM.deployproj", "{B88B7BB6-07CC-48B0-952D-0F3B9F26324A}"
EndProject
Project("{FAE04EC0-301F-11D3-BF4B-00C04F79EFBC}") = "ConsoleApp1", "ConsoleApp1\ConsoleApp1.csproj", "{FB565F53-E8B4-4569-915D-7DDD42CA36F2}"
EndProject
Global
	GlobalSection(SolutionConfigurationPlatforms) = preSolution
		Debug|Any CPU = Debug|Any CPU
		Release|Any CPU = Release|Any CPU
	EndGlobalSection
	GlobalSection(ProjectConfigurationPlatforms) = postSolution
		{9EB982C0-9842-4ADD-87AE-EF2A58523190}.Debug|Any CPU.ActiveCfg = Debug|Any CPU
		{9EB982C0-9842-4ADD-87AE-EF2A58523190}.Debug|Any CPU.Build.0 = Debug|Any CPU
		{9EB982C0-9842-4ADD-87AE-EF2A58523190}.Release|Any CPU.ActiveCfg = Release|Any CPU
		{9EB982C0-9842-4ADD-87AE-EF2A58523190}.Release|Any CPU.Build.0 = Release|Any CPU
		{B88B7BB6-07CC-48B0-952D-0F3B9F26324A}.Debug|Any CPU.ActiveCfg = Debug|Any CPU
		{B88B7BB6-07CC-48B0-952D-0F3B9F26324A}.Debug|Any CPU.Build.0 = Debug|Any CPU
		{B88B7BB6-07CC-48B0-952D-0F3B9F26324A}.Release|Any CPU.ActiveCfg = Release|Any CPU
		{B88B7BB6-07CC-48B0-952D-0F3B9F26324A}.Release|Any CPU.Build.0 = Release|Any CPU
		{FB565F53-E8B4-4569-915D-7DDD42CA36F2}.Debug|Any CPU.ActiveCfg = Debug|Any CPU
		{FB565F53-E8B4-4569-915D-7DDD42CA36F2}.Debug|Any CPU.Build.0 = Debug|Any CPU
		{FB565F53-E8B4-4569-915D-7DDD42CA36F2}.Release|Any CPU.ActiveCfg = Release|Any CPU
		{FB565F53-E8B4-4569-915D-7DDD42CA36F2}.Release|Any CPU.Build.0 = Release|Any CPU
	EndGlobalSection
	GlobalSection(SolutionProperties) = preSolution
		HideSolutionNode = FALSE
	EndGlobalSection
	GlobalSection(ExtensibilityGlobals) = postSolution
		SolutionGuid = {61811539-5560-4980-AFF9-06A0D7A2C7E9}
	EndGlobalSection
EndGlobal
